<Solution>
  <Configurations>
    <Platform Name="x64" />
    <Platform Name="x86" />
  </Configurations>
  <Project Path="1/1.vcxproj" Id="a1078f71-4c55-4757-bb27-f5a43c1a21f9" />
  <Project Path="2/2.vcxproj" Id="cac109cf-5095-42fe-9275-9a0314b8fbb5" />
  <Project Path="3/3.vcxproj" Id="31a1530a-f0b4-46fe-9d73-62924f71f48e" />
  <Project Path="4/4.vcxproj" Id="78e9128a-c511-4600-9796-a14af6ad8ab3" />
  <Project Path="5/5.vcxproj" Id="5369732d-e0a1-45d9-89bd-12f6025af9b1" />
  <Project Path="6/6.vcxproj" Id="a813f346-abbc-41d2-85c7-046a4c322c09" />
  <Project Path="7/7.vcxproj" Id="bce755f5-fd85-4393-b4b2-0a4c13c25273" />
</Solution>
